
Microsoft Visual Studio Solution File, Format Version 12.00
# Visual Studio Version 17
VisualStudioVersion = 17.14.36109.1 d17.14
MinimumVisualStudioVersion = 10.0.40219.1
Project("{FAE04EC0-301F-11D3-BF4B-00C04F79EFBC}") = "ReadingCSVusingArray", "ReadingCSVusingArray\ReadingCSVusingArray.csproj", "{A776AD38-F1C0-4198-A941-FFB6FA9DB2A7}"
EndProject
Global
	GlobalSection(SolutionConfigurationPlatforms) = preSolution
		Debug|Any CPU = Debug|Any CPU
		Release|Any CPU = Release|Any CPU
	EndGlobalSection
	GlobalSection(ProjectConfigurationPlatforms) = postSolution
		{A776AD38-F1C0-4198-A941-FFB6FA9DB2A7}.Debug|Any CPU.ActiveCfg = Debug|Any CPU
		{A776AD38-F1C0-4198-A941-FFB6FA9DB2A7}.Debug|Any CPU.Build.0 = Debug|Any CPU
		{A776AD38-F1C0-4198-A941-FFB6FA9DB2A7}.Release|Any CPU.ActiveCfg = Release|Any CPU
		{A776AD38-F1C0-4198-A941-FFB6FA9DB2A7}.Release|Any CPU.Build.0 = Release|Any CPU
	EndGlobalSection
	GlobalSection(SolutionProperties) = preSolution
		HideSolutionNode = FALSE
	EndGlobalSection
	GlobalSection(ExtensibilityGlobals) = postSolution
		SolutionGuid = {8F708195-F996-4F3C-883C-CCB2959AE8D0}
	EndGlobalSection
EndGlobal
