
Microsoft Visual Studio Solution File, Format Version 12.00
# Visual Studio Version 17
VisualStudioVersion = 17.14.36109.1 d17.14
MinimumVisualStudioVersion = 10.0.40219.1
Project("{FAE04EC0-301F-11D3-BF4B-00C04F79EFBC}") = "SampleAssignmentWeek6Problem", "SampleAssignmentWeek6Problem\SampleAssignmentWeek6Problem.csproj", "{7418862E-D7DE-4689-AB7C-B5DED99363E3}"
EndProject
Global
	GlobalSection(SolutionConfigurationPlatforms) = preSolution
		Debug|Any CPU = Debug|Any CPU
		Release|Any CPU = Release|Any CPU
	EndGlobalSection
	GlobalSection(ProjectConfigurationPlatforms) = postSolution
		{7418862E-D7DE-4689-AB7C-B5DED99363E3}.Debug|Any CPU.ActiveCfg = Debug|Any CPU
		{7418862E-D7DE-4689-AB7C-B5DED99363E3}.Debug|Any CPU.Build.0 = Debug|Any CPU
		{7418862E-D7DE-4689-AB7C-B5DED99363E3}.Release|Any CPU.ActiveCfg = Release|Any CPU
		{7418862E-D7DE-4689-AB7C-B5DED99363E3}.Release|Any CPU.Build.0 = Release|Any CPU
	EndGlobalSection
	GlobalSection(SolutionProperties) = preSolution
		HideSolutionNode = FALSE
	EndGlobalSection
	GlobalSection(ExtensibilityGlobals) = postSolution
		SolutionGuid = {063A3E5D-292F-4498-B46E-0BAEE225C9FC}
	EndGlobalSection
EndGlobal
